// !$*UTF8*$!
{
	archiveVersion = 1;
	classes = {
	};
	objectVersion = 56;
	objects = {

/* Begin PBXBuildFile section */
		AB2D0A36298C08DE00718E8A /* NewCourseView.swift in Sources */ = {isa = PBXBuildFile; fileRef = AB2D0A35298C08DE00718E8A /* NewCourseView.swift */; };
		AB2EE547298845A900970390 /* CourseDayView.swift in Sources */ = {isa = PBXBuildFile; fileRef = AB2EE546298845A900970390 /* CourseDayView.swift */; };
		AB314F3229AE777A00DB808D /* CourseModel.swift in Sources */ = {isa = PBXBuildFile; fileRef = AB314F3129AE777A00DB808D /* CourseModel.swift */; };
		AB3E5E61299BFB3C0043042C /* TodayViewModel.swift in Sources */ = {isa = PBXBuildFile; fileRef = AB3E5E60299BFB3C0043042C /* TodayViewModel.swift */; };
		AB3E5E63299C01480043042C /* PillsOfSegmentView.swift in Sources */ = {isa = PBXBuildFile; fileRef = AB3E5E62299C01480043042C /* PillsOfSegmentView.swift */; };
		AB42ECBC2983007D007B6A47 /* CoursesView.swift in Sources */ = {isa = PBXBuildFile; fileRef = AB42ECBB2983007D007B6A47 /* CoursesView.swift */; };
		AB4BAD2F297C38780019D7AF /* ScrollTodayView.swift in Sources */ = {isa = PBXBuildFile; fileRef = AB4BAD2E297C38780019D7AF /* ScrollTodayView.swift */; };
		AB4BAD33297C51320019D7AF /* DetailDayView.swift in Sources */ = {isa = PBXBuildFile; fileRef = AB4BAD32297C51320019D7AF /* DetailDayView.swift */; };
		AB4BAD37297C54780019D7AF /* DetailDayCardView.swift in Sources */ = {isa = PBXBuildFile; fileRef = AB4BAD36297C54780019D7AF /* DetailDayCardView.swift */; };
		AB4EFF1129C48F1F0092F560 /* MainViewModel.swift in Sources */ = {isa = PBXBuildFile; fileRef = AB4EFF1029C48F1F0092F560 /* MainViewModel.swift */; };
		AB4EFF1329C49D7A0092F560 /* CalendarViewModel.swift in Sources */ = {isa = PBXBuildFile; fileRef = AB4EFF1229C49D7A0092F560 /* CalendarViewModel.swift */; };
		AB4EFF1529C4A2E70092F560 /* CourseDayCalendarView.swift in Sources */ = {isa = PBXBuildFile; fileRef = AB4EFF1429C4A2E70092F560 /* CourseDayCalendarView.swift */; };
		AB4EFF1729C4AEC00092F560 /* CalendarDayModel.swift in Sources */ = {isa = PBXBuildFile; fileRef = AB4EFF1629C4AEC00092F560 /* CalendarDayModel.swift */; };
		AB53AB4929D0B0E60025839E /* SideMenuView.swift in Sources */ = {isa = PBXBuildFile; fileRef = AB53AB4829D0B0E60025839E /* SideMenuView.swift */; };
		AB6259F029D7346B00E4B2C9 /* OnboardingView.swift in Sources */ = {isa = PBXBuildFile; fileRef = AB6259EF29D7346B00E4B2C9 /* OnboardingView.swift */; };
		AB68CBB9297FE3FA007AF62C /* ListCoursesView.swift in Sources */ = {isa = PBXBuildFile; fileRef = AB68CBB8297FE3FA007AF62C /* ListCoursesView.swift */; };
		AB6ED29C2968BC0600910504 /* PillCaseApp.swift in Sources */ = {isa = PBXBuildFile; fileRef = AB6ED29B2968BC0600910504 /* PillCaseApp.swift */; };
		AB6ED2A02968BC0700910504 /* Assets.xcassets in Resources */ = {isa = PBXBuildFile; fileRef = AB6ED29F2968BC0700910504 /* Assets.xcassets */; };
		AB6ED2A32968BC0700910504 /* Preview Assets.xcassets in Resources */ = {isa = PBXBuildFile; fileRef = AB6ED2A22968BC0700910504 /* Preview Assets.xcassets */; };
		AB6ED2AA2968C39E00910504 /* TodayView.swift in Sources */ = {isa = PBXBuildFile; fileRef = AB6ED2A92968C39E00910504 /* TodayView.swift */; };
		AB89FBC1297893180049AC4B /* MedicationTimeView.swift in Sources */ = {isa = PBXBuildFile; fileRef = AB89FBC0297893180049AC4B /* MedicationTimeView.swift */; };
		AB89FBC329789F230049AC4B /* MainTabView.swift in Sources */ = {isa = PBXBuildFile; fileRef = AB89FBC229789F230049AC4B /* MainTabView.swift */; };
		AB8B67FE29E093E7007D106B /* Units.swift in Sources */ = {isa = PBXBuildFile; fileRef = AB8B67FD29E093E7007D106B /* Units.swift */; };
		AB8B680A29E0B999007D106B /* Localizable.strings in Resources */ = {isa = PBXBuildFile; fileRef = AB8B680829E0B999007D106B /* Localizable.strings */; };
		AB8E636B29A68E3500BC4F83 /* DetailDayViewModel.swift in Sources */ = {isa = PBXBuildFile; fileRef = AB8E636A29A68E3500BC4F83 /* DetailDayViewModel.swift */; };
		AB8E636D29A68F5A00BC4F83 /* Extensions.swift in Sources */ = {isa = PBXBuildFile; fileRef = AB8E636C29A68F5A00BC4F83 /* Extensions.swift */; };
		AB93BB1E297583320016A54E /* PillsDayView.swift in Sources */ = {isa = PBXBuildFile; fileRef = AB93BB1D297583320016A54E /* PillsDayView.swift */; };
		AB9D4BEA29CA30F40098AA8A /* Helper.swift in Sources */ = {isa = PBXBuildFile; fileRef = AB9D4BE929CA30F40098AA8A /* Helper.swift */; };
		AB9E4D9A29941C61007906FD /* PillModel.xcdatamodeld in Sources */ = {isa = PBXBuildFile; fileRef = AB9E4D9829941C60007906FD /* PillModel.xcdatamodeld */; };
		ABBCCC14296C96C20054127B /* SegmentView.swift in Sources */ = {isa = PBXBuildFile; fileRef = ABBCCC13296C96C20054127B /* SegmentView.swift */; };
		ABBCCC16296CA32A0054127B /* CustomColors.swift in Sources */ = {isa = PBXBuildFile; fileRef = ABBCCC15296CA32A0054127B /* CustomColors.swift */; };
		ABDB563A299543C400D5D220 /* CourseViewModel.swift in Sources */ = {isa = PBXBuildFile; fileRef = ABDB5639299543C400D5D220 /* CourseViewModel.swift */; };
		ABDB563C29954A9000D5D220 /* CoreDataManager.swift in Sources */ = {isa = PBXBuildFile; fileRef = ABDB563B29954A9000D5D220 /* CoreDataManager.swift */; };
		ABF987B529B65C68004362F2 /* CalendarCell.swift in Sources */ = {isa = PBXBuildFile; fileRef = ABF987B429B65C68004362F2 /* CalendarCell.swift */; };
		ABF987B729B65C95004362F2 /* CalendarHelper.swift in Sources */ = {isa = PBXBuildFile; fileRef = ABF987B629B65C95004362F2 /* CalendarHelper.swift */; };
		ABF987BB29B65CEF004362F2 /* DateHolder.swift in Sources */ = {isa = PBXBuildFile; fileRef = ABF987BA29B65CEF004362F2 /* DateHolder.swift */; };
		ABF987BD29B65D13004362F2 /* DateScrollerView.swift in Sources */ = {isa = PBXBuildFile; fileRef = ABF987BC29B65D13004362F2 /* DateScrollerView.swift */; };
		ABF987BF29B65D3C004362F2 /* MonthStruct.swift in Sources */ = {isa = PBXBuildFile; fileRef = ABF987BE29B65D3C004362F2 /* MonthStruct.swift */; };
		ABF987C329B65F71004362F2 /* CalendarPillView.swift in Sources */ = {isa = PBXBuildFile; fileRef = ABF987C229B65F71004362F2 /* CalendarPillView.swift */; };
		ABFA9DCB29CCCB680069F136 /* Notifications.swift in Sources */ = {isa = PBXBuildFile; fileRef = ABFA9DCA29CCCB680069F136 /* Notifications.swift */; };
		ABFB106B2977373D00538F57 /* LetterView.swift in Sources */ = {isa = PBXBuildFile; fileRef = ABFB106A2977373D00538F57 /* LetterView.swift */; };
/* End PBXBuildFile section */

/* Begin PBXFileReference section */
		AB2D0A35298C08DE00718E8A /* NewCourseView.swift */ = {isa = PBXFileReference; lastKnownFileType = sourcecode.swift; path = NewCourseView.swift; sourceTree = "<group>"; };
		AB2EE546298845A900970390 /* CourseDayView.swift */ = {isa = PBXFileReference; lastKnownFileType = sourcecode.swift; path = CourseDayView.swift; sourceTree = "<group>"; };
		AB314F3129AE777A00DB808D /* CourseModel.swift */ = {isa = PBXFileReference; lastKnownFileType = sourcecode.swift; path = CourseModel.swift; sourceTree = "<group>"; };
		AB3E5E60299BFB3C0043042C /* TodayViewModel.swift */ = {isa = PBXFileReference; lastKnownFileType = sourcecode.swift; path = TodayViewModel.swift; sourceTree = "<group>"; };
		AB3E5E62299C01480043042C /* PillsOfSegmentView.swift */ = {isa = PBXFileReference; lastKnownFileType = sourcecode.swift; path = PillsOfSegmentView.swift; sourceTree = "<group>"; };
		AB42ECBB2983007D007B6A47 /* CoursesView.swift */ = {isa = PBXFileReference; lastKnownFileType = sourcecode.swift; path = CoursesView.swift; sourceTree = "<group>"; };
		AB4BAD2E297C38780019D7AF /* ScrollTodayView.swift */ = {isa = PBXFileReference; lastKnownFileType = sourcecode.swift; path = ScrollTodayView.swift; sourceTree = "<group>"; };
		AB4BAD32297C51320019D7AF /* DetailDayView.swift */ = {isa = PBXFileReference; lastKnownFileType = sourcecode.swift; path = DetailDayView.swift; sourceTree = "<group>"; };
		AB4BAD36297C54780019D7AF /* DetailDayCardView.swift */ = {isa = PBXFileReference; lastKnownFileType = sourcecode.swift; path = DetailDayCardView.swift; sourceTree = "<group>"; };
		AB4EFF1029C48F1F0092F560 /* MainViewModel.swift */ = {isa = PBXFileReference; lastKnownFileType = sourcecode.swift; path = MainViewModel.swift; sourceTree = "<group>"; };
		AB4EFF1229C49D7A0092F560 /* CalendarViewModel.swift */ = {isa = PBXFileReference; lastKnownFileType = sourcecode.swift; path = CalendarViewModel.swift; sourceTree = "<group>"; };
		AB4EFF1429C4A2E70092F560 /* CourseDayCalendarView.swift */ = {isa = PBXFileReference; lastKnownFileType = sourcecode.swift; path = CourseDayCalendarView.swift; sourceTree = "<group>"; };
		AB4EFF1629C4AEC00092F560 /* CalendarDayModel.swift */ = {isa = PBXFileReference; lastKnownFileType = sourcecode.swift; path = CalendarDayModel.swift; sourceTree = "<group>"; };
		AB53AB4829D0B0E60025839E /* SideMenuView.swift */ = {isa = PBXFileReference; lastKnownFileType = sourcecode.swift; path = SideMenuView.swift; sourceTree = "<group>"; };
		AB6259EF29D7346B00E4B2C9 /* OnboardingView.swift */ = {isa = PBXFileReference; lastKnownFileType = sourcecode.swift; path = OnboardingView.swift; sourceTree = "<group>"; };
		AB68CBB8297FE3FA007AF62C /* ListCoursesView.swift */ = {isa = PBXFileReference; lastKnownFileType = sourcecode.swift; path = ListCoursesView.swift; sourceTree = "<group>"; };
		AB6ED2982968BC0600910504 /* PillCase.app */ = {isa = PBXFileReference; explicitFileType = wrapper.application; includeInIndex = 0; path = PillCase.app; sourceTree = BUILT_PRODUCTS_DIR; };
		AB6ED29B2968BC0600910504 /* PillCaseApp.swift */ = {isa = PBXFileReference; lastKnownFileType = sourcecode.swift; path = PillCaseApp.swift; sourceTree = "<group>"; };
		AB6ED29F2968BC0700910504 /* Assets.xcassets */ = {isa = PBXFileReference; lastKnownFileType = folder.assetcatalog; path = Assets.xcassets; sourceTree = "<group>"; };
		AB6ED2A22968BC0700910504 /* Preview Assets.xcassets */ = {isa = PBXFileReference; lastKnownFileType = folder.assetcatalog; path = "Preview Assets.xcassets"; sourceTree = "<group>"; };
		AB6ED2A92968C39E00910504 /* TodayView.swift */ = {isa = PBXFileReference; lastKnownFileType = sourcecode.swift; path = TodayView.swift; sourceTree = "<group>"; };
		AB89FBC0297893180049AC4B /* MedicationTimeView.swift */ = {isa = PBXFileReference; lastKnownFileType = sourcecode.swift; path = MedicationTimeView.swift; sourceTree = "<group>"; };
		AB89FBC229789F230049AC4B /* MainTabView.swift */ = {isa = PBXFileReference; lastKnownFileType = sourcecode.swift; path = MainTabView.swift; sourceTree = "<group>"; };
		AB8B67FD29E093E7007D106B /* Units.swift */ = {isa = PBXFileReference; lastKnownFileType = sourcecode.swift; path = Units.swift; sourceTree = "<group>"; };
		AB8B680929E0B999007D106B /* en */ = {isa = PBXFileReference; lastKnownFileType = text.plist.strings; name = en; path = en.lproj/Localizable.strings; sourceTree = "<group>"; };
		AB8B680B29E0B99E007D106B /* ru */ = {isa = PBXFileReference; lastKnownFileType = text.plist.strings; name = ru; path = ru.lproj/Localizable.strings; sourceTree = "<group>"; };
		AB8E636A29A68E3500BC4F83 /* DetailDayViewModel.swift */ = {isa = PBXFileReference; lastKnownFileType = sourcecode.swift; path = DetailDayViewModel.swift; sourceTree = "<group>"; };
		AB8E636C29A68F5A00BC4F83 /* Extensions.swift */ = {isa = PBXFileReference; lastKnownFileType = sourcecode.swift; path = Extensions.swift; sourceTree = "<group>"; };
		AB93BB1D297583320016A54E /* PillsDayView.swift */ = {isa = PBXFileReference; lastKnownFileType = sourcecode.swift; path = PillsDayView.swift; sourceTree = "<group>"; };
		AB9D4BE929CA30F40098AA8A /* Helper.swift */ = {isa = PBXFileReference; lastKnownFileType = sourcecode.swift; path = Helper.swift; sourceTree = "<group>"; };
		AB9E4D9929941C60007906FD /* Pill.xcdatamodel */ = {isa = PBXFileReference; lastKnownFileType = wrapper.xcdatamodel; path = Pill.xcdatamodel; sourceTree = "<group>"; };
		ABBCCC13296C96C20054127B /* SegmentView.swift */ = {isa = PBXFileReference; lastKnownFileType = sourcecode.swift; path = SegmentView.swift; sourceTree = "<group>"; };
		ABBCCC15296CA32A0054127B /* CustomColors.swift */ = {isa = PBXFileReference; lastKnownFileType = sourcecode.swift; path = CustomColors.swift; sourceTree = "<group>"; };
		ABDB5639299543C400D5D220 /* CourseViewModel.swift */ = {isa = PBXFileReference; lastKnownFileType = sourcecode.swift; path = CourseViewModel.swift; sourceTree = "<group>"; };
		ABDB563B29954A9000D5D220 /* CoreDataManager.swift */ = {isa = PBXFileReference; lastKnownFileType = sourcecode.swift; path = CoreDataManager.swift; sourceTree = "<group>"; };
		ABE3091A29CF716B00255376 /* Info.plist */ = {isa = PBXFileReference; lastKnownFileType = text.plist.xml; path = Info.plist; sourceTree = "<group>"; };
		ABF987B429B65C68004362F2 /* CalendarCell.swift */ = {isa = PBXFileReference; lastKnownFileType = sourcecode.swift; path = CalendarCell.swift; sourceTree = "<group>"; };
		ABF987B629B65C95004362F2 /* CalendarHelper.swift */ = {isa = PBXFileReference; lastKnownFileType = sourcecode.swift; path = CalendarHelper.swift; sourceTree = "<group>"; };
		ABF987BA29B65CEF004362F2 /* DateHolder.swift */ = {isa = PBXFileReference; lastKnownFileType = sourcecode.swift; path = DateHolder.swift; sourceTree = "<group>"; };
		ABF987BC29B65D13004362F2 /* DateScrollerView.swift */ = {isa = PBXFileReference; lastKnownFileType = sourcecode.swift; path = DateScrollerView.swift; sourceTree = "<group>"; };
		ABF987BE29B65D3C004362F2 /* MonthStruct.swift */ = {isa = PBXFileReference; lastKnownFileType = sourcecode.swift; path = MonthStruct.swift; sourceTree = "<group>"; };
		ABF987C229B65F71004362F2 /* CalendarPillView.swift */ = {isa = PBXFileReference; lastKnownFileType = sourcecode.swift; path = CalendarPillView.swift; sourceTree = "<group>"; };
		ABFA9DCA29CCCB680069F136 /* Notifications.swift */ = {isa = PBXFileReference; lastKnownFileType = sourcecode.swift; path = Notifications.swift; sourceTree = "<group>"; };
		ABFB106A2977373D00538F57 /* LetterView.swift */ = {isa = PBXFileReference; lastKnownFileType = sourcecode.swift; path = LetterView.swift; sourceTree = "<group>"; };
/* End PBXFileReference section */

/* Begin PBXFrameworksBuildPhase section */
		AB6ED2952968BC0600910504 /* Frameworks */ = {
			isa = PBXFrameworksBuildPhase;
			buildActionMask = 2147483647;
			files = (
			);
			runOnlyForDeploymentPostprocessing = 0;
		};
/* End PBXFrameworksBuildPhase section */

/* Begin PBXGroup section */
		AB4BAD34297C53E20019D7AF /* Views */ = {
			isa = PBXGroup;
			children = (
				AB89FBC229789F230049AC4B /* MainTabView.swift */,
				AB8B67FB29E082C3007D106B /* Common */,
				ABF987B329B65C04004362F2 /* CalendarView */,
				AB4BAD35297C53EE0019D7AF /* TodayView */,
				AB68CBB7297FE3D5007AF62C /* CoursesView */,
			);
			path = Views;
			sourceTree = "<group>";
		};
		AB4BAD35297C53EE0019D7AF /* TodayView */ = {
			isa = PBXGroup;
			children = (
				AB6ED2A92968C39E00910504 /* TodayView.swift */,
				ABBCCC13296C96C20054127B /* SegmentView.swift */,
				AB93BB1D297583320016A54E /* PillsDayView.swift */,
				AB3E5E62299C01480043042C /* PillsOfSegmentView.swift */,
				AB4BAD2E297C38780019D7AF /* ScrollTodayView.swift */,
				ABFB106A2977373D00538F57 /* LetterView.swift */,
				AB4BAD32297C51320019D7AF /* DetailDayView.swift */,
				AB4BAD36297C54780019D7AF /* DetailDayCardView.swift */,
			);
			path = TodayView;
			sourceTree = "<group>";
		};
		AB539E8B296A11850028C660 /* Models */ = {
			isa = PBXGroup;
			children = (
				AB9E4D9829941C60007906FD /* PillModel.xcdatamodeld */,
				AB314F3129AE777A00DB808D /* CourseModel.swift */,
				AB4EFF1629C4AEC00092F560 /* CalendarDayModel.swift */,
			);
			path = Models;
			sourceTree = "<group>";
		};
		AB68CBB7297FE3D5007AF62C /* CoursesView */ = {
			isa = PBXGroup;
			children = (
				AB89FBC0297893180049AC4B /* MedicationTimeView.swift */,
				AB68CBB8297FE3FA007AF62C /* ListCoursesView.swift */,
				AB2EE546298845A900970390 /* CourseDayView.swift */,
				AB42ECBB2983007D007B6A47 /* CoursesView.swift */,
				AB2D0A35298C08DE00718E8A /* NewCourseView.swift */,
			);
			path = CoursesView;
			sourceTree = "<group>";
		};
		AB6ED28F2968BC0600910504 = {
			isa = PBXGroup;
			children = (
				AB6ED29A2968BC0600910504 /* PillCase */,
				AB6ED29F2968BC0700910504 /* Assets.xcassets */,
				AB6ED2992968BC0600910504 /* Products */,
			);
			sourceTree = "<group>";
		};
		AB6ED2992968BC0600910504 /* Products */ = {
			isa = PBXGroup;
			children = (
				AB6ED2982968BC0600910504 /* PillCase.app */,
			);
			name = Products;
			sourceTree = "<group>";
		};
		AB6ED29A2968BC0600910504 /* PillCase */ = {
			isa = PBXGroup;
			children = (
				ABE3091A29CF716B00255376 /* Info.plist */,
				AB8B680829E0B999007D106B /* Localizable.strings */,
				AB6ED29B2968BC0600910504 /* PillCaseApp.swift */,
				AB539E8B296A11850028C660 /* Models */,
				AB4BAD34297C53E20019D7AF /* Views */,
				ABDB56382995437500D5D220 /* ViewModels */,
				AB8B67FC29E083CC007D106B /* Helpers */,
				AB6ED2A12968BC0700910504 /* Preview Content */,
			);
			path = PillCase;
			sourceTree = "<group>";
		};
		AB6ED2A12968BC0700910504 /* Preview Content */ = {
			isa = PBXGroup;
			children = (
				AB6ED2A22968BC0700910504 /* Preview Assets.xcassets */,
			);
			path = "Preview Content";
			sourceTree = "<group>";
		};
		AB8B67FB29E082C3007D106B /* Common */ = {
			isa = PBXGroup;
			children = (
				AB53AB4829D0B0E60025839E /* SideMenuView.swift */,
				AB6259EF29D7346B00E4B2C9 /* OnboardingView.swift */,
			);
			path = Common;
			sourceTree = "<group>";
		};
		AB8B67FC29E083CC007D106B /* Helpers */ = {
			isa = PBXGroup;
			children = (
				ABDB563B29954A9000D5D220 /* CoreDataManager.swift */,
				ABFA9DCA29CCCB680069F136 /* Notifications.swift */,
				AB9D4BE929CA30F40098AA8A /* Helper.swift */,
				AB8E636C29A68F5A00BC4F83 /* Extensions.swift */,
				ABBCCC15296CA32A0054127B /* CustomColors.swift */,
				AB8B67FD29E093E7007D106B /* Units.swift */,
			);
			path = Helpers;
			sourceTree = "<group>";
		};
		ABDB56382995437500D5D220 /* ViewModels */ = {
			isa = PBXGroup;
			children = (
				ABDB5639299543C400D5D220 /* CourseViewModel.swift */,
				AB4EFF1029C48F1F0092F560 /* MainViewModel.swift */,
				AB3E5E60299BFB3C0043042C /* TodayViewModel.swift */,
				AB4EFF1229C49D7A0092F560 /* CalendarViewModel.swift */,
				AB8E636A29A68E3500BC4F83 /* DetailDayViewModel.swift */,
			);
			path = ViewModels;
			sourceTree = "<group>";
		};
		ABF987B329B65C04004362F2 /* CalendarView */ = {
			isa = PBXGroup;
			children = (
				ABF987B429B65C68004362F2 /* CalendarCell.swift */,
				ABF987B629B65C95004362F2 /* CalendarHelper.swift */,
				ABF987BA29B65CEF004362F2 /* DateHolder.swift */,
				ABF987BE29B65D3C004362F2 /* MonthStruct.swift */,
				ABF987C229B65F71004362F2 /* CalendarPillView.swift */,
				ABF987BC29B65D13004362F2 /* DateScrollerView.swift */,
				AB4EFF1429C4A2E70092F560 /* CourseDayCalendarView.swift */,
			);
			path = CalendarView;
			sourceTree = "<group>";
		};
/* End PBXGroup section */

/* Begin PBXNativeTarget section */
		AB6ED2972968BC0600910504 /* PillCase */ = {
			isa = PBXNativeTarget;
			buildConfigurationList = AB6ED2A62968BC0700910504 /* Build configuration list for PBXNativeTarget "PillCase" */;
			buildPhases = (
				AB6ED2942968BC0600910504 /* Sources */,
				AB6ED2952968BC0600910504 /* Frameworks */,
				AB6ED2962968BC0600910504 /* Resources */,
			);
			buildRules = (
			);
			dependencies = (
			);
			name = PillCase;
			productName = PillCase;
			productReference = AB6ED2982968BC0600910504 /* PillCase.app */;
			productType = "com.apple.product-type.application";
		};
/* End PBXNativeTarget section */

/* Begin PBXProject section */
		AB6ED2902968BC0600910504 /* Project object */ = {
			isa = PBXProject;
			attributes = {
				BuildIndependentTargetsInParallel = 1;
				LastSwiftUpdateCheck = 1420;
				LastUpgradeCheck = 1420;
				TargetAttributes = {
					AB6ED2972968BC0600910504 = {
						CreatedOnToolsVersion = 14.2;
					};
				};
			};
			buildConfigurationList = AB6ED2932968BC0600910504 /* Build configuration list for PBXProject "PillCase" */;
			compatibilityVersion = "Xcode 14.0";
			developmentRegion = en;
			hasScannedForEncodings = 0;
			knownRegions = (
				en,
				Base,
				ru,
			);
			mainGroup = AB6ED28F2968BC0600910504;
			productRefGroup = AB6ED2992968BC0600910504 /* Products */;
			projectDirPath = "";
			projectRoot = "";
			targets = (
				AB6ED2972968BC0600910504 /* PillCase */,
			);
		};
/* End PBXProject section */

/* Begin PBXResourcesBuildPhase section */
		AB6ED2962968BC0600910504 /* Resources */ = {
			isa = PBXResourcesBuildPhase;
			buildActionMask = 2147483647;
			files = (
				AB6ED2A32968BC0700910504 /* Preview Assets.xcassets in Resources */,
				AB8B680A29E0B999007D106B /* Localizable.strings in Resources */,
				AB6ED2A02968BC0700910504 /* Assets.xcassets in Resources */,
			);
			runOnlyForDeploymentPostprocessing = 0;
		};
/* End PBXResourcesBuildPhase section */

/* Begin PBXSourcesBuildPhase section */
		AB6ED2942968BC0600910504 /* Sources */ = {
			isa = PBXSourcesBuildPhase;
			buildActionMask = 2147483647;
			files = (
				ABFA9DCB29CCCB680069F136 /* Notifications.swift in Sources */,
				AB8B67FE29E093E7007D106B /* Units.swift in Sources */,
				AB6259F029D7346B00E4B2C9 /* OnboardingView.swift in Sources */,
				AB89FBC329789F230049AC4B /* MainTabView.swift in Sources */,
				AB4EFF1329C49D7A0092F560 /* CalendarViewModel.swift in Sources */,
				AB68CBB9297FE3FA007AF62C /* ListCoursesView.swift in Sources */,
				AB6ED2AA2968C39E00910504 /* TodayView.swift in Sources */,
				AB314F3229AE777A00DB808D /* CourseModel.swift in Sources */,
				ABF987B529B65C68004362F2 /* CalendarCell.swift in Sources */,
				ABF987B729B65C95004362F2 /* CalendarHelper.swift in Sources */,
				AB8E636B29A68E3500BC4F83 /* DetailDayViewModel.swift in Sources */,
				ABF987BB29B65CEF004362F2 /* DateHolder.swift in Sources */,
				ABDB563A299543C400D5D220 /* CourseViewModel.swift in Sources */,
				AB4EFF1129C48F1F0092F560 /* MainViewModel.swift in Sources */,
				AB9E4D9A29941C61007906FD /* PillModel.xcdatamodeld in Sources */,
				AB3E5E63299C01480043042C /* PillsOfSegmentView.swift in Sources */,
				ABBCCC16296CA32A0054127B /* CustomColors.swift in Sources */,
				AB4EFF1529C4A2E70092F560 /* CourseDayCalendarView.swift in Sources */,
				ABF987BD29B65D13004362F2 /* DateScrollerView.swift in Sources */,
				ABDB563C29954A9000D5D220 /* CoreDataManager.swift in Sources */,
				AB2EE547298845A900970390 /* CourseDayView.swift in Sources */,
				AB2D0A36298C08DE00718E8A /* NewCourseView.swift in Sources */,
				AB53AB4929D0B0E60025839E /* SideMenuView.swift in Sources */,
				AB4BAD37297C54780019D7AF /* DetailDayCardView.swift in Sources */,
				ABF987BF29B65D3C004362F2 /* MonthStruct.swift in Sources */,
				AB4EFF1729C4AEC00092F560 /* CalendarDayModel.swift in Sources */,
				ABF987C329B65F71004362F2 /* CalendarPillView.swift in Sources */,
				AB9D4BEA29CA30F40098AA8A /* Helper.swift in Sources */,
				AB6ED29C2968BC0600910504 /* PillCaseApp.swift in Sources */,
				AB4BAD2F297C38780019D7AF /* ScrollTodayView.swift in Sources */,
				AB4BAD33297C51320019D7AF /* DetailDayView.swift in Sources */,
				ABBCCC14296C96C20054127B /* SegmentView.swift in Sources */,
				AB93BB1E297583320016A54E /* PillsDayView.swift in Sources */,
				AB3E5E61299BFB3C0043042C /* TodayViewModel.swift in Sources */,
				AB42ECBC2983007D007B6A47 /* CoursesView.swift in Sources */,
				ABFB106B2977373D00538F57 /* LetterView.swift in Sources */,
				AB89FBC1297893180049AC4B /* MedicationTimeView.swift in Sources */,
				AB8E636D29A68F5A00BC4F83 /* Extensions.swift in Sources */,
			);
			runOnlyForDeploymentPostprocessing = 0;
		};
/* End PBXSourcesBuildPhase section */

/* Begin PBXVariantGroup section */
		AB8B680829E0B999007D106B /* Localizable.strings */ = {
			isa = PBXVariantGroup;
			children = (
				AB8B680929E0B999007D106B /* en */,
				AB8B680B29E0B99E007D106B /* ru */,
			);
			name = Localizable.strings;
			sourceTree = "<group>";
		};
/* End PBXVariantGroup section */

/* Begin XCBuildConfiguration section */
		AB6ED2A42968BC0700910504 /* Debug */ = {
			isa = XCBuildConfiguration;
			buildSettings = {
				ALWAYS_SEARCH_USER_PATHS = NO;
				CLANG_ANALYZER_NONNULL = YES;
				CLANG_ANALYZER_NUMBER_OBJECT_CONVERSION = YES_AGGRESSIVE;
				CLANG_CXX_LANGUAGE_STANDARD = "gnu++20";
				CLANG_ENABLE_MODULES = YES;
				CLANG_ENABLE_OBJC_ARC = YES;
				CLANG_ENABLE_OBJC_WEAK = YES;
				CLANG_WARN_BLOCK_CAPTURE_AUTORELEASING = YES;
				CLANG_WARN_BOOL_CONVERSION = YES;
				CLANG_WARN_COMMA = YES;
				CLANG_WARN_CONSTANT_CONVERSION = YES;
				CLANG_WARN_DEPRECATED_OBJC_IMPLEMENTATIONS = YES;
				CLANG_WARN_DIRECT_OBJC_ISA_USAGE = YES_ERROR;
				CLANG_WARN_DOCUMENTATION_COMMENTS = YES;
				CLANG_WARN_EMPTY_BODY = YES;
				CLANG_WARN_ENUM_CONVERSION = YES;
				CLANG_WARN_INFINITE_RECURSION = YES;
				CLANG_WARN_INT_CONVERSION = YES;
				CLANG_WARN_NON_LITERAL_NULL_CONVERSION = YES;
				CLANG_WARN_OBJC_IMPLICIT_RETAIN_SELF = YES;
				CLANG_WARN_OBJC_LITERAL_CONVERSION = YES;
				CLANG_WARN_OBJC_ROOT_CLASS = YES_ERROR;
				CLANG_WARN_QUOTED_INCLUDE_IN_FRAMEWORK_HEADER = YES;
				CLANG_WARN_RANGE_LOOP_ANALYSIS = YES;
				CLANG_WARN_STRICT_PROTOTYPES = YES;
				CLANG_WARN_SUSPICIOUS_MOVE = YES;
				CLANG_WARN_UNGUARDED_AVAILABILITY = YES_AGGRESSIVE;
				CLANG_WARN_UNREACHABLE_CODE = YES;
				CLANG_WARN__DUPLICATE_METHOD_MATCH = YES;
				COPY_PHASE_STRIP = NO;
				DEBUG_INFORMATION_FORMAT = dwarf;
				ENABLE_STRICT_OBJC_MSGSEND = YES;
				ENABLE_TESTABILITY = YES;
				GCC_C_LANGUAGE_STANDARD = gnu11;
				GCC_DYNAMIC_NO_PIC = NO;
				GCC_NO_COMMON_BLOCKS = YES;
				GCC_OPTIMIZATION_LEVEL = 0;
				GCC_PREPROCESSOR_DEFINITIONS = (
					"DEBUG=1",
					"$(inherited)",
				);
				GCC_WARN_64_TO_32_BIT_CONVERSION = YES;
				GCC_WARN_ABOUT_RETURN_TYPE = YES_ERROR;
				GCC_WARN_UNDECLARED_SELECTOR = YES;
				GCC_WARN_UNINITIALIZED_AUTOS = YES_AGGRESSIVE;
				GCC_WARN_UNUSED_FUNCTION = YES;
				GCC_WARN_UNUSED_VARIABLE = YES;
				IPHONEOS_DEPLOYMENT_TARGET = 16.2;
				MTL_ENABLE_DEBUG_INFO = INCLUDE_SOURCE;
				MTL_FAST_MATH = YES;
				ONLY_ACTIVE_ARCH = YES;
				SDKROOT = iphoneos;
				SWIFT_ACTIVE_COMPILATION_CONDITIONS = DEBUG;
				SWIFT_OPTIMIZATION_LEVEL = "-Onone";
			};
			name = Debug;
		};
		AB6ED2A52968BC0700910504 /* Release */ = {
			isa = XCBuildConfiguration;
			buildSettings = {
				ALWAYS_SEARCH_USER_PATHS = NO;
				CLANG_ANALYZER_NONNULL = YES;
				CLANG_ANALYZER_NUMBER_OBJECT_CONVERSION = YES_AGGRESSIVE;
				CLANG_CXX_LANGUAGE_STANDARD = "gnu++20";
				CLANG_ENABLE_MODULES = YES;
				CLANG_ENABLE_OBJC_ARC = YES;
				CLANG_ENABLE_OBJC_WEAK = YES;
				CLANG_WARN_BLOCK_CAPTURE_AUTORELEASING = YES;
				CLANG_WARN_BOOL_CONVERSION = YES;
				CLANG_WARN_COMMA = YES;
				CLANG_WARN_CONSTANT_CONVERSION = YES;
				CLANG_WARN_DEPRECATED_OBJC_IMPLEMENTATIONS = YES;
				CLANG_WARN_DIRECT_OBJC_ISA_USAGE = YES_ERROR;
				CLANG_WARN_DOCUMENTATION_COMMENTS = YES;
				CLANG_WARN_EMPTY_BODY = YES;
				CLANG_WARN_ENUM_CONVERSION = YES;
				CLANG_WARN_INFINITE_RECURSION = YES;
				CLANG_WARN_INT_CONVERSION = YES;
				CLANG_WARN_NON_LITERAL_NULL_CONVERSION = YES;
				CLANG_WARN_OBJC_IMPLICIT_RETAIN_SELF = YES;
				CLANG_WARN_OBJC_LITERAL_CONVERSION = YES;
				CLANG_WARN_OBJC_ROOT_CLASS = YES_ERROR;
				CLANG_WARN_QUOTED_INCLUDE_IN_FRAMEWORK_HEADER = YES;
				CLANG_WARN_RANGE_LOOP_ANALYSIS = YES;
				CLANG_WARN_STRICT_PROTOTYPES = YES;
				CLANG_WARN_SUSPICIOUS_MOVE = YES;
				CLANG_WARN_UNGUARDED_AVAILABILITY = YES_AGGRESSIVE;
				CLANG_WARN_UNREACHABLE_CODE = YES;
				CLANG_WARN__DUPLICATE_METHOD_MATCH = YES;
				COPY_PHASE_STRIP = NO;
				DEBUG_INFORMATION_FORMAT = "dwarf-with-dsym";
				ENABLE_NS_ASSERTIONS = NO;
				ENABLE_STRICT_OBJC_MSGSEND = YES;
				GCC_C_LANGUAGE_STANDARD = gnu11;
				GCC_NO_COMMON_BLOCKS = YES;
				GCC_WARN_64_TO_32_BIT_CONVERSION = YES;
				GCC_WARN_ABOUT_RETURN_TYPE = YES_ERROR;
				GCC_WARN_UNDECLARED_SELECTOR = YES;
				GCC_WARN_UNINITIALIZED_AUTOS = YES_AGGRESSIVE;
				GCC_WARN_UNUSED_FUNCTION = YES;
				GCC_WARN_UNUSED_VARIABLE = YES;
				IPHONEOS_DEPLOYMENT_TARGET = 16.2;
				MTL_ENABLE_DEBUG_INFO = NO;
				MTL_FAST_MATH = YES;
				SDKROOT = iphoneos;
				SWIFT_COMPILATION_MODE = wholemodule;
				SWIFT_OPTIMIZATION_LEVEL = "-O";
				VALIDATE_PRODUCT = YES;
			};
			name = Release;
		};
		AB6ED2A72968BC0700910504 /* Debug */ = {
			isa = XCBuildConfiguration;
			buildSettings = {
				ASSETCATALOG_COMPILER_APPICON_NAME = AppIcon;
				ASSETCATALOG_COMPILER_GLOBAL_ACCENT_COLOR_NAME = AccentColor;
				CODE_SIGN_STYLE = Automatic;
				CURRENT_PROJECT_VERSION = 1;
				DEVELOPMENT_ASSET_PATHS = "\"PillCase/Preview Content\"";
				DEVELOPMENT_TEAM = 3N59S33GKB;
				ENABLE_PREVIEWS = YES;
				GENERATE_INFOPLIST_FILE = YES;
				INFOPLIST_FILE = PillCase/Info.plist;
				INFOPLIST_KEY_UIApplicationSceneManifest_Generation = YES;
				INFOPLIST_KEY_UIApplicationSupportsIndirectInputEvents = YES;
				INFOPLIST_KEY_UILaunchScreen_Generation = YES;
				INFOPLIST_KEY_UISupportedInterfaceOrientations = UIInterfaceOrientationPortrait;
				INFOPLIST_KEY_UISupportedInterfaceOrientations_iPad = "UIInterfaceOrientationLandscapeLeft UIInterfaceOrientationLandscapeRight UIInterfaceOrientationPortrait UIInterfaceOrientationPortraitUpsideDown";
				INFOPLIST_KEY_UIUserInterfaceStyle = Light;
				IPHONEOS_DEPLOYMENT_TARGET = 16.0;
				LD_RUNPATH_SEARCH_PATHS = (
					"$(inherited)",
					"@executable_path/Frameworks",
				);
				MARKETING_VERSION = 1.0;
				PRODUCT_BUNDLE_IDENTIFIER = com.voidgxd.PillCase;
				PRODUCT_NAME = "$(TARGET_NAME)";
				SUPPORTED_PLATFORMS = "iphoneos iphonesimulator";
				SUPPORTS_MACCATALYST = NO;
				SUPPORTS_MAC_DESIGNED_FOR_IPHONE_IPAD = NO;
				SWIFT_EMIT_LOC_STRINGS = YES;
				SWIFT_VERSION = 5.0;
				TARGETED_DEVICE_FAMILY = 1;
			};
			name = Debug;
		};
		AB6ED2A82968BC0700910504 /* Release */ = {
			isa = XCBuildConfiguration;
			buildSettings = {
				ASSETCATALOG_COMPILER_APPICON_NAME = AppIcon;
				ASSETCATALOG_COMPILER_GLOBAL_ACCENT_COLOR_NAME = AccentColor;
				CODE_SIGN_STYLE = Automatic;
				CURRENT_PROJECT_VERSION = 1;
				DEVELOPMENT_ASSET_PATHS = "\"PillCase/Preview Content\"";
				DEVELOPMENT_TEAM = 3N59S33GKB;
				ENABLE_PREVIEWS = YES;
				GENERATE_INFOPLIST_FILE = YES;
				INFOPLIST_FILE = PillCase/Info.plist;
				INFOPLIST_KEY_UIApplicationSceneManifest_Generation = YES;
				INFOPLIST_KEY_UIApplicationSupportsIndirectInputEvents = YES;
				INFOPLIST_KEY_UILaunchScreen_Generation = YES;
				INFOPLIST_KEY_UISupportedInterfaceOrientations = UIInterfaceOrientationPortrait;
				INFOPLIST_KEY_UISupportedInterfaceOrientations_iPad = "UIInterfaceOrientationLandscapeLeft UIInterfaceOrientationLandscapeRight UIInterfaceOrientationPortrait UIInterfaceOrientationPortraitUpsideDown";
				INFOPLIST_KEY_UIUserInterfaceStyle = Light;
				IPHONEOS_DEPLOYMENT_TARGET = 16.0;
				LD_RUNPATH_SEARCH_PATHS = (
					"$(inherited)",
					"@executable_path/Frameworks",
				);
				MARKETING_VERSION = 1.0;
				PRODUCT_BUNDLE_IDENTIFIER = com.voidgxd.PillCase;
				PRODUCT_NAME = "$(TARGET_NAME)";
				SUPPORTED_PLATFORMS = "iphoneos iphonesimulator";
				SUPPORTS_MACCATALYST = NO;
				SUPPORTS_MAC_DESIGNED_FOR_IPHONE_IPAD = NO;
				SWIFT_EMIT_LOC_STRINGS = YES;
				SWIFT_VERSION = 5.0;
				TARGETED_DEVICE_FAMILY = 1;
			};
			name = Release;
		};
/* End XCBuildConfiguration section */

/* Begin XCConfigurationList section */
		AB6ED2932968BC0600910504 /* Build configuration list for PBXProject "PillCase" */ = {
			isa = XCConfigurationList;
			buildConfigurations = (
				AB6ED2A42968BC0700910504 /* Debug */,
				AB6ED2A52968BC0700910504 /* Release */,
			);
			defaultConfigurationIsVisible = 0;
			defaultConfigurationName = Release;
		};
		AB6ED2A62968BC0700910504 /* Build configuration list for PBXNativeTarget "PillCase" */ = {
			isa = XCConfigurationList;
			buildConfigurations = (
				AB6ED2A72968BC0700910504 /* Debug */,
				AB6ED2A82968BC0700910504 /* Release */,
			);
			defaultConfigurationIsVisible = 0;
			defaultConfigurationName = Release;
		};
/* End XCConfigurationList section */

/* Begin XCVersionGroup section */
		AB9E4D9829941C60007906FD /* PillModel.xcdatamodeld */ = {
			isa = XCVersionGroup;
			children = (
				AB9E4D9929941C60007906FD /* Pill.xcdatamodel */,
			);
			currentVersion = AB9E4D9929941C60007906FD /* Pill.xcdatamodel */;
			path = PillModel.xcdatamodeld;
			sourceTree = "<group>";
			versionGroupType = wrapper.xcdatamodel;
		};
/* End XCVersionGroup section */
	};
	rootObject = AB6ED2902968BC0600910504 /* Project object */;
}
