// !$*UTF8*$!
{
	archiveVersion = 1;
	classes = {
	};
	objectVersion = 56;
	objects = {

/* Begin PBXBuildFile section */
		AB2D0A36298C08DE00718E8A /* NewCourseView.swift in Sources */ = {isa = PBXBuildFile; fileRef = AB2D0A35298C08DE00718E8A /* NewCourseView.swift */; };
		AB2EE547298845A900970390 /* CourseDayView.swift in Sources */ = {isa = PBXBuildFile; fileRef = AB2EE546298845A900970390 /* CourseDayView.swift */; };
		AB42ECBC2983007D007B6A47 /* CoursesView.swift in Sources */ = {isa = PBXBuildFile; fileRef = AB42ECBB2983007D007B6A47 /* CoursesView.swift */; };
		AB4BAD2F297C38780019D7AF /* ScrollTodayView.swift in Sources */ = {isa = PBXBuildFile; fileRef = AB4BAD2E297C38780019D7AF /* ScrollTodayView.swift */; };
		AB4BAD31297C4DBF0019D7AF /* PillView.swift in Sources */ = {isa = PBXBuildFile; fileRef = AB4BAD30297C4DBF0019D7AF /* PillView.swift */; };
		AB4BAD33297C51320019D7AF /* DetailDayView.swift in Sources */ = {isa = PBXBuildFile; fileRef = AB4BAD32297C51320019D7AF /* DetailDayView.swift */; };
		AB4BAD37297C54780019D7AF /* DetailDayCardView.swift in Sources */ = {isa = PBXBuildFile; fileRef = AB4BAD36297C54780019D7AF /* DetailDayCardView.swift */; };
		AB539E8F296A11EE0028C660 /* CaseModel.swift in Sources */ = {isa = PBXBuildFile; fileRef = AB539E8E296A11EE0028C660 /* CaseModel.swift */; };
		AB539E91296A175F0028C660 /* PillModel.swift in Sources */ = {isa = PBXBuildFile; fileRef = AB539E90296A175F0028C660 /* PillModel.swift */; };
		AB68CBB9297FE3FA007AF62C /* ListCoursesView.swift in Sources */ = {isa = PBXBuildFile; fileRef = AB68CBB8297FE3FA007AF62C /* ListCoursesView.swift */; };
		AB6ED29C2968BC0600910504 /* PillCaseApp.swift in Sources */ = {isa = PBXBuildFile; fileRef = AB6ED29B2968BC0600910504 /* PillCaseApp.swift */; };
		AB6ED29E2968BC0600910504 /* RoundPill.swift in Sources */ = {isa = PBXBuildFile; fileRef = AB6ED29D2968BC0600910504 /* RoundPill.swift */; };
		AB6ED2A02968BC0700910504 /* Assets.xcassets in Resources */ = {isa = PBXBuildFile; fileRef = AB6ED29F2968BC0700910504 /* Assets.xcassets */; };
		AB6ED2A32968BC0700910504 /* Preview Assets.xcassets in Resources */ = {isa = PBXBuildFile; fileRef = AB6ED2A22968BC0700910504 /* Preview Assets.xcassets */; };
		AB6ED2AA2968C39E00910504 /* TodayView.swift in Sources */ = {isa = PBXBuildFile; fileRef = AB6ED2A92968C39E00910504 /* TodayView.swift */; };
		AB89FBC1297893180049AC4B /* MedicationTimeView.swift in Sources */ = {isa = PBXBuildFile; fileRef = AB89FBC0297893180049AC4B /* MedicationTimeView.swift */; };
		AB89FBC329789F230049AC4B /* MainTabView.swift in Sources */ = {isa = PBXBuildFile; fileRef = AB89FBC229789F230049AC4B /* MainTabView.swift */; };
		AB93BB1E297583320016A54E /* PillsDayView.swift in Sources */ = {isa = PBXBuildFile; fileRef = AB93BB1D297583320016A54E /* PillsDayView.swift */; };
		AB93BB202975986B0016A54E /* ScrollCurseView.swift in Sources */ = {isa = PBXBuildFile; fileRef = AB93BB1F2975986B0016A54E /* ScrollCurseView.swift */; };
		AB9AB525296E030700A0E527 /* TimeOfDay.swift in Sources */ = {isa = PBXBuildFile; fileRef = AB9AB524296E030700A0E527 /* TimeOfDay.swift */; };
		ABBCCC14296C96C20054127B /* SegmentView.swift in Sources */ = {isa = PBXBuildFile; fileRef = ABBCCC13296C96C20054127B /* SegmentView.swift */; };
		ABBCCC16296CA32A0054127B /* CustomColors.swift in Sources */ = {isa = PBXBuildFile; fileRef = ABBCCC15296CA32A0054127B /* CustomColors.swift */; };
		ABFB106B2977373D00538F57 /* LetterView.swift in Sources */ = {isa = PBXBuildFile; fileRef = ABFB106A2977373D00538F57 /* LetterView.swift */; };
/* End PBXBuildFile section */

/* Begin PBXFileReference section */
		AB2D0A35298C08DE00718E8A /* NewCourseView.swift */ = {isa = PBXFileReference; lastKnownFileType = sourcecode.swift; path = NewCourseView.swift; sourceTree = "<group>"; };
		AB2EE546298845A900970390 /* CourseDayView.swift */ = {isa = PBXFileReference; lastKnownFileType = sourcecode.swift; path = CourseDayView.swift; sourceTree = "<group>"; };
		AB42ECBB2983007D007B6A47 /* CoursesView.swift */ = {isa = PBXFileReference; lastKnownFileType = sourcecode.swift; path = CoursesView.swift; sourceTree = "<group>"; };
		AB4BAD2E297C38780019D7AF /* ScrollTodayView.swift */ = {isa = PBXFileReference; lastKnownFileType = sourcecode.swift; path = ScrollTodayView.swift; sourceTree = "<group>"; };
		AB4BAD30297C4DBF0019D7AF /* PillView.swift */ = {isa = PBXFileReference; lastKnownFileType = sourcecode.swift; path = PillView.swift; sourceTree = "<group>"; };
		AB4BAD32297C51320019D7AF /* DetailDayView.swift */ = {isa = PBXFileReference; lastKnownFileType = sourcecode.swift; path = DetailDayView.swift; sourceTree = "<group>"; };
		AB4BAD36297C54780019D7AF /* DetailDayCardView.swift */ = {isa = PBXFileReference; lastKnownFileType = sourcecode.swift; path = DetailDayCardView.swift; sourceTree = "<group>"; };
		AB539E8E296A11EE0028C660 /* CaseModel.swift */ = {isa = PBXFileReference; lastKnownFileType = sourcecode.swift; path = CaseModel.swift; sourceTree = "<group>"; };
		AB539E90296A175F0028C660 /* PillModel.swift */ = {isa = PBXFileReference; lastKnownFileType = sourcecode.swift; path = PillModel.swift; sourceTree = "<group>"; };
		AB68CBB8297FE3FA007AF62C /* ListCoursesView.swift */ = {isa = PBXFileReference; lastKnownFileType = sourcecode.swift; path = ListCoursesView.swift; sourceTree = "<group>"; };
		AB6ED2982968BC0600910504 /* PillCase.app */ = {isa = PBXFileReference; explicitFileType = wrapper.application; includeInIndex = 0; path = PillCase.app; sourceTree = BUILT_PRODUCTS_DIR; };
		AB6ED29B2968BC0600910504 /* PillCaseApp.swift */ = {isa = PBXFileReference; lastKnownFileType = sourcecode.swift; path = PillCaseApp.swift; sourceTree = "<group>"; };
		AB6ED29D2968BC0600910504 /* RoundPill.swift */ = {isa = PBXFileReference; lastKnownFileType = sourcecode.swift; path = RoundPill.swift; sourceTree = "<group>"; };
		AB6ED29F2968BC0700910504 /* Assets.xcassets */ = {isa = PBXFileReference; lastKnownFileType = folder.assetcatalog; path = Assets.xcassets; sourceTree = "<group>"; };
		AB6ED2A22968BC0700910504 /* Preview Assets.xcassets */ = {isa = PBXFileReference; lastKnownFileType = folder.assetcatalog; path = "Preview Assets.xcassets"; sourceTree = "<group>"; };
		AB6ED2A92968C39E00910504 /* TodayView.swift */ = {isa = PBXFileReference; lastKnownFileType = sourcecode.swift; path = TodayView.swift; sourceTree = "<group>"; };
		AB89FBC0297893180049AC4B /* MedicationTimeView.swift */ = {isa = PBXFileReference; lastKnownFileType = sourcecode.swift; path = MedicationTimeView.swift; sourceTree = "<group>"; };
		AB89FBC229789F230049AC4B /* MainTabView.swift */ = {isa = PBXFileReference; lastKnownFileType = sourcecode.swift; path = MainTabView.swift; sourceTree = "<group>"; };
		AB93BB1D297583320016A54E /* PillsDayView.swift */ = {isa = PBXFileReference; lastKnownFileType = sourcecode.swift; path = PillsDayView.swift; sourceTree = "<group>"; };
		AB93BB1F2975986B0016A54E /* ScrollCurseView.swift */ = {isa = PBXFileReference; lastKnownFileType = sourcecode.swift; path = ScrollCurseView.swift; sourceTree = "<group>"; };
		AB9AB524296E030700A0E527 /* TimeOfDay.swift */ = {isa = PBXFileReference; lastKnownFileType = sourcecode.swift; path = TimeOfDay.swift; sourceTree = "<group>"; };
		ABBCCC13296C96C20054127B /* SegmentView.swift */ = {isa = PBXFileReference; lastKnownFileType = sourcecode.swift; path = SegmentView.swift; sourceTree = "<group>"; };
		ABBCCC15296CA32A0054127B /* CustomColors.swift */ = {isa = PBXFileReference; lastKnownFileType = sourcecode.swift; path = CustomColors.swift; sourceTree = "<group>"; };
		ABFB106A2977373D00538F57 /* LetterView.swift */ = {isa = PBXFileReference; lastKnownFileType = sourcecode.swift; path = LetterView.swift; sourceTree = "<group>"; };
/* End PBXFileReference section */

/* Begin PBXFrameworksBuildPhase section */
		AB6ED2952968BC0600910504 /* Frameworks */ = {
			isa = PBXFrameworksBuildPhase;
			buildActionMask = 2147483647;
			files = (
			);
			runOnlyForDeploymentPostprocessing = 0;
		};
/* End PBXFrameworksBuildPhase section */

/* Begin PBXGroup section */
		AB4BAD34297C53E20019D7AF /* Views */ = {
			isa = PBXGroup;
			children = (
				AB4BAD35297C53EE0019D7AF /* TodayView */,
				AB68CBB7297FE3D5007AF62C /* CoursesView */,
			);
			path = Views;
			sourceTree = "<group>";
		};
		AB4BAD35297C53EE0019D7AF /* TodayView */ = {
			isa = PBXGroup;
			children = (
				AB6ED2A92968C39E00910504 /* TodayView.swift */,
				ABBCCC13296C96C20054127B /* SegmentView.swift */,
				AB4BAD2E297C38780019D7AF /* ScrollTodayView.swift */,
				ABFB106A2977373D00538F57 /* LetterView.swift */,
				AB4BAD32297C51320019D7AF /* DetailDayView.swift */,
				AB4BAD36297C54780019D7AF /* DetailDayCardView.swift */,
			);
			path = TodayView;
			sourceTree = "<group>";
		};
		AB539E8B296A11850028C660 /* Models */ = {
			isa = PBXGroup;
			children = (
				AB539E8E296A11EE0028C660 /* CaseModel.swift */,
				AB539E90296A175F0028C660 /* PillModel.swift */,
			);
			path = Models;
			sourceTree = "<group>";
		};
		AB68CBB7297FE3D5007AF62C /* CoursesView */ = {
			isa = PBXGroup;
			children = (
				AB89FBC0297893180049AC4B /* MedicationTimeView.swift */,
				AB68CBB8297FE3FA007AF62C /* ListCoursesView.swift */,
				AB2EE546298845A900970390 /* CourseDayView.swift */,
				AB42ECBB2983007D007B6A47 /* CoursesView.swift */,
			);
			path = CoursesView;
			sourceTree = "<group>";
		};
		AB6ED28F2968BC0600910504 = {
			isa = PBXGroup;
			children = (
				AB6ED29A2968BC0600910504 /* PillCase */,
				AB6ED2992968BC0600910504 /* Products */,
			);
			sourceTree = "<group>";
		};
		AB6ED2992968BC0600910504 /* Products */ = {
			isa = PBXGroup;
			children = (
				AB6ED2982968BC0600910504 /* PillCase.app */,
			);
			name = Products;
			sourceTree = "<group>";
		};
		AB6ED29A2968BC0600910504 /* PillCase */ = {
			isa = PBXGroup;
			children = (
				AB539E8B296A11850028C660 /* Models */,
				AB6ED29B2968BC0600910504 /* PillCaseApp.swift */,
				AB6ED29D2968BC0600910504 /* RoundPill.swift */,
				AB4BAD34297C53E20019D7AF /* Views */,
				AB89FBC229789F230049AC4B /* MainTabView.swift */,
				AB2D0A35298C08DE00718E8A /* NewCourseView.swift */,
				AB9AB524296E030700A0E527 /* TimeOfDay.swift */,
				AB93BB1D297583320016A54E /* PillsDayView.swift */,
				AB93BB1F2975986B0016A54E /* ScrollCurseView.swift */,
				AB4BAD30297C4DBF0019D7AF /* PillView.swift */,
				AB6ED29F2968BC0700910504 /* Assets.xcassets */,
				ABBCCC15296CA32A0054127B /* CustomColors.swift */,
				AB6ED2A12968BC0700910504 /* Preview Content */,
			);
			path = PillCase;
			sourceTree = "<group>";
		};
		AB6ED2A12968BC0700910504 /* Preview Content */ = {
			isa = PBXGroup;
			children = (
				AB6ED2A22968BC0700910504 /* Preview Assets.xcassets */,
			);
			path = "Preview Content";
			sourceTree = "<group>";
		};
/* End PBXGroup section */

/* Begin PBXNativeTarget section */
		AB6ED2972968BC0600910504 /* PillCase */ = {
			isa = PBXNativeTarget;
			buildConfigurationList = AB6ED2A62968BC0700910504 /* Build configuration list for PBXNativeTarget "PillCase" */;
			buildPhases = (
				AB6ED2942968BC0600910504 /* Sources */,
				AB6ED2952968BC0600910504 /* Frameworks */,
				AB6ED2962968BC0600910504 /* Resources */,
			);
			buildRules = (
			);
			dependencies = (
			);
			name = PillCase;
			productName = PillCase;
			productReference = AB6ED2982968BC0600910504 /* PillCase.app */;
			productType = "com.apple.product-type.application";
		};
/* End PBXNativeTarget section */

/* Begin PBXProject section */
		AB6ED2902968BC0600910504 /* Project object */ = {
			isa = PBXProject;
			attributes = {
				BuildIndependentTargetsInParallel = 1;
				LastSwiftUpdateCheck = 1420;
				LastUpgradeCheck = 1420;
				TargetAttributes = {
					AB6ED2972968BC0600910504 = {
						CreatedOnToolsVersion = 14.2;
					};
				};
			};
			buildConfigurationList = AB6ED2932968BC0600910504 /* Build configuration list for PBXProject "PillCase" */;
			compatibilityVersion = "Xcode 14.0";
			developmentRegion = en;
			hasScannedForEncodings = 0;
			knownRegions = (
				en,
				Base,
			);
			mainGroup = AB6ED28F2968BC0600910504;
			productRefGroup = AB6ED2992968BC0600910504 /* Products */;
			projectDirPath = "";
			projectRoot = "";
			targets = (
				AB6ED2972968BC0600910504 /* PillCase */,
			);
		};
/* End PBXProject section */

/* Begin PBXResourcesBuildPhase section */
		AB6ED2962968BC0600910504 /* Resources */ = {
			isa = PBXResourcesBuildPhase;
			buildActionMask = 2147483647;
			files = (
				AB6ED2A32968BC0700910504 /* Preview Assets.xcassets in Resources */,
				AB6ED2A02968BC0700910504 /* Assets.xcassets in Resources */,
			);
			runOnlyForDeploymentPostprocessing = 0;
		};
/* End PBXResourcesBuildPhase section */

/* Begin PBXSourcesBuildPhase section */
		AB6ED2942968BC0600910504 /* Sources */ = {
			isa = PBXSourcesBuildPhase;
			buildActionMask = 2147483647;
			files = (
				AB9AB525296E030700A0E527 /* TimeOfDay.swift in Sources */,
				AB4BAD31297C4DBF0019D7AF /* PillView.swift in Sources */,
				AB6ED29E2968BC0600910504 /* RoundPill.swift in Sources */,
				AB89FBC329789F230049AC4B /* MainTabView.swift in Sources */,
				AB68CBB9297FE3FA007AF62C /* ListCoursesView.swift in Sources */,
				AB6ED2AA2968C39E00910504 /* TodayView.swift in Sources */,
				ABBCCC16296CA32A0054127B /* CustomColors.swift in Sources */,
				AB93BB202975986B0016A54E /* ScrollCurseView.swift in Sources */,
				AB2EE547298845A900970390 /* CourseDayView.swift in Sources */,
				AB2D0A36298C08DE00718E8A /* NewCourseView.swift in Sources */,
				AB4BAD37297C54780019D7AF /* DetailDayCardView.swift in Sources */,
				AB6ED29C2968BC0600910504 /* PillCaseApp.swift in Sources */,
				AB539E91296A175F0028C660 /* PillModel.swift in Sources */,
				AB4BAD2F297C38780019D7AF /* ScrollTodayView.swift in Sources */,
				AB4BAD33297C51320019D7AF /* DetailDayView.swift in Sources */,
				ABBCCC14296C96C20054127B /* SegmentView.swift in Sources */,
				AB93BB1E297583320016A54E /* PillsDayView.swift in Sources */,
				AB42ECBC2983007D007B6A47 /* CoursesView.swift in Sources */,
				ABFB106B2977373D00538F57 /* LetterView.swift in Sources */,
				AB89FBC1297893180049AC4B /* MedicationTimeView.swift in Sources */,
				AB539E8F296A11EE0028C660 /* CaseModel.swift in Sources */,
			);
			runOnlyForDeploymentPostprocessing = 0;
		};
/* End PBXSourcesBuildPhase section */

/* Begin XCBuildConfiguration section */
		AB6ED2A42968BC0700910504 /* Debug */ = {
			isa = XCBuildConfiguration;
			buildSettings = {
				ALWAYS_SEARCH_USER_PATHS = NO;
				CLANG_ANALYZER_NONNULL = YES;
				CLANG_ANALYZER_NUMBER_OBJECT_CONVERSION = YES_AGGRESSIVE;
				CLANG_CXX_LANGUAGE_STANDARD = "gnu++20";
				CLANG_ENABLE_MODULES = YES;
				CLANG_ENABLE_OBJC_ARC = YES;
				CLANG_ENABLE_OBJC_WEAK = YES;
				CLANG_WARN_BLOCK_CAPTURE_AUTORELEASING = YES;
				CLANG_WARN_BOOL_CONVERSION = YES;
				CLANG_WARN_COMMA = YES;
				CLANG_WARN_CONSTANT_CONVERSION = YES;
				CLANG_WARN_DEPRECATED_OBJC_IMPLEMENTATIONS = YES;
				CLANG_WARN_DIRECT_OBJC_ISA_USAGE = YES_ERROR;
				CLANG_WARN_DOCUMENTATION_COMMENTS = YES;
				CLANG_WARN_EMPTY_BODY = YES;
				CLANG_WARN_ENUM_CONVERSION = YES;
				CLANG_WARN_INFINITE_RECURSION = YES;
				CLANG_WARN_INT_CONVERSION = YES;
				CLANG_WARN_NON_LITERAL_NULL_CONVERSION = YES;
				CLANG_WARN_OBJC_IMPLICIT_RETAIN_SELF = YES;
				CLANG_WARN_OBJC_LITERAL_CONVERSION = YES;
				CLANG_WARN_OBJC_ROOT_CLASS = YES_ERROR;
				CLANG_WARN_QUOTED_INCLUDE_IN_FRAMEWORK_HEADER = YES;
				CLANG_WARN_RANGE_LOOP_ANALYSIS = YES;
				CLANG_WARN_STRICT_PROTOTYPES = YES;
				CLANG_WARN_SUSPICIOUS_MOVE = YES;
				CLANG_WARN_UNGUARDED_AVAILABILITY = YES_AGGRESSIVE;
				CLANG_WARN_UNREACHABLE_CODE = YES;
				CLANG_WARN__DUPLICATE_METHOD_MATCH = YES;
				COPY_PHASE_STRIP = NO;
				DEBUG_INFORMATION_FORMAT = dwarf;
				ENABLE_STRICT_OBJC_MSGSEND = YES;
				ENABLE_TESTABILITY = YES;
				GCC_C_LANGUAGE_STANDARD = gnu11;
				GCC_DYNAMIC_NO_PIC = NO;
				GCC_NO_COMMON_BLOCKS = YES;
				GCC_OPTIMIZATION_LEVEL = 0;
				GCC_PREPROCESSOR_DEFINITIONS = (
					"DEBUG=1",
					"$(inherited)",
				);
				GCC_WARN_64_TO_32_BIT_CONVERSION = YES;
				GCC_WARN_ABOUT_RETURN_TYPE = YES_ERROR;
				GCC_WARN_UNDECLARED_SELECTOR = YES;
				GCC_WARN_UNINITIALIZED_AUTOS = YES_AGGRESSIVE;
				GCC_WARN_UNUSED_FUNCTION = YES;
				GCC_WARN_UNUSED_VARIABLE = YES;
				IPHONEOS_DEPLOYMENT_TARGET = 16.2;
				MTL_ENABLE_DEBUG_INFO = INCLUDE_SOURCE;
				MTL_FAST_MATH = YES;
				ONLY_ACTIVE_ARCH = YES;
				SDKROOT = iphoneos;
				SWIFT_ACTIVE_COMPILATION_CONDITIONS = DEBUG;
				SWIFT_OPTIMIZATION_LEVEL = "-Onone";
			};
			name = Debug;
		};
		AB6ED2A52968BC0700910504 /* Release */ = {
			isa = XCBuildConfiguration;
			buildSettings = {
				ALWAYS_SEARCH_USER_PATHS = NO;
				CLANG_ANALYZER_NONNULL = YES;
				CLANG_ANALYZER_NUMBER_OBJECT_CONVERSION = YES_AGGRESSIVE;
				CLANG_CXX_LANGUAGE_STANDARD = "gnu++20";
				CLANG_ENABLE_MODULES = YES;
				CLANG_ENABLE_OBJC_ARC = YES;
				CLANG_ENABLE_OBJC_WEAK = YES;
				CLANG_WARN_BLOCK_CAPTURE_AUTORELEASING = YES;
				CLANG_WARN_BOOL_CONVERSION = YES;
				CLANG_WARN_COMMA = YES;
				CLANG_WARN_CONSTANT_CONVERSION = YES;
				CLANG_WARN_DEPRECATED_OBJC_IMPLEMENTATIONS = YES;
				CLANG_WARN_DIRECT_OBJC_ISA_USAGE = YES_ERROR;
				CLANG_WARN_DOCUMENTATION_COMMENTS = YES;
				CLANG_WARN_EMPTY_BODY = YES;
				CLANG_WARN_ENUM_CONVERSION = YES;
				CLANG_WARN_INFINITE_RECURSION = YES;
				CLANG_WARN_INT_CONVERSION = YES;
				CLANG_WARN_NON_LITERAL_NULL_CONVERSION = YES;
				CLANG_WARN_OBJC_IMPLICIT_RETAIN_SELF = YES;
				CLANG_WARN_OBJC_LITERAL_CONVERSION = YES;
				CLANG_WARN_OBJC_ROOT_CLASS = YES_ERROR;
				CLANG_WARN_QUOTED_INCLUDE_IN_FRAMEWORK_HEADER = YES;
				CLANG_WARN_RANGE_LOOP_ANALYSIS = YES;
				CLANG_WARN_STRICT_PROTOTYPES = YES;
				CLANG_WARN_SUSPICIOUS_MOVE = YES;
				CLANG_WARN_UNGUARDED_AVAILABILITY = YES_AGGRESSIVE;
				CLANG_WARN_UNREACHABLE_CODE = YES;
				CLANG_WARN__DUPLICATE_METHOD_MATCH = YES;
				COPY_PHASE_STRIP = NO;
				DEBUG_INFORMATION_FORMAT = "dwarf-with-dsym";
				ENABLE_NS_ASSERTIONS = NO;
				ENABLE_STRICT_OBJC_MSGSEND = YES;
				GCC_C_LANGUAGE_STANDARD = gnu11;
				GCC_NO_COMMON_BLOCKS = YES;
				GCC_WARN_64_TO_32_BIT_CONVERSION = YES;
				GCC_WARN_ABOUT_RETURN_TYPE = YES_ERROR;
				GCC_WARN_UNDECLARED_SELECTOR = YES;
				GCC_WARN_UNINITIALIZED_AUTOS = YES_AGGRESSIVE;
				GCC_WARN_UNUSED_FUNCTION = YES;
				GCC_WARN_UNUSED_VARIABLE = YES;
				IPHONEOS_DEPLOYMENT_TARGET = 16.2;
				MTL_ENABLE_DEBUG_INFO = NO;
				MTL_FAST_MATH = YES;
				SDKROOT = iphoneos;
				SWIFT_COMPILATION_MODE = wholemodule;
				SWIFT_OPTIMIZATION_LEVEL = "-O";
				VALIDATE_PRODUCT = YES;
			};
			name = Release;
		};
		AB6ED2A72968BC0700910504 /* Debug */ = {
			isa = XCBuildConfiguration;
			buildSettings = {
				ASSETCATALOG_COMPILER_APPICON_NAME = AppIcon;
				ASSETCATALOG_COMPILER_GLOBAL_ACCENT_COLOR_NAME = AccentColor;
				CODE_SIGN_STYLE = Automatic;
				CURRENT_PROJECT_VERSION = 1;
				DEVELOPMENT_ASSET_PATHS = "\"PillCase/Preview Content\"";
				DEVELOPMENT_TEAM = 3N59S33GKB;
				ENABLE_PREVIEWS = YES;
				GENERATE_INFOPLIST_FILE = YES;
				INFOPLIST_KEY_UIApplicationSceneManifest_Generation = YES;
				INFOPLIST_KEY_UIApplicationSupportsIndirectInputEvents = YES;
				INFOPLIST_KEY_UILaunchScreen_Generation = YES;
				INFOPLIST_KEY_UISupportedInterfaceOrientations_iPad = "UIInterfaceOrientationLandscapeLeft UIInterfaceOrientationLandscapeRight UIInterfaceOrientationPortrait UIInterfaceOrientationPortraitUpsideDown";
				IPHONEOS_DEPLOYMENT_TARGET = 16.0;
				LD_RUNPATH_SEARCH_PATHS = (
					"$(inherited)",
					"@executable_path/Frameworks",
				);
				MARKETING_VERSION = 1.0;
				PRODUCT_BUNDLE_IDENTIFIER = com.voidgxd.PillCase;
				PRODUCT_NAME = "$(TARGET_NAME)";
				SUPPORTED_PLATFORMS = "iphoneos iphonesimulator";
				SUPPORTS_MACCATALYST = NO;
				SUPPORTS_MAC_DESIGNED_FOR_IPHONE_IPAD = NO;
				SWIFT_EMIT_LOC_STRINGS = YES;
				SWIFT_VERSION = 5.0;
				TARGETED_DEVICE_FAMILY = 1;
			};
			name = Debug;
		};
		AB6ED2A82968BC0700910504 /* Release */ = {
			isa = XCBuildConfiguration;
			buildSettings = {
				ASSETCATALOG_COMPILER_APPICON_NAME = AppIcon;
				ASSETCATALOG_COMPILER_GLOBAL_ACCENT_COLOR_NAME = AccentColor;
				CODE_SIGN_STYLE = Automatic;
				CURRENT_PROJECT_VERSION = 1;
				DEVELOPMENT_ASSET_PATHS = "\"PillCase/Preview Content\"";
				DEVELOPMENT_TEAM = 3N59S33GKB;
				ENABLE_PREVIEWS = YES;
				GENERATE_INFOPLIST_FILE = YES;
				INFOPLIST_KEY_UIApplicationSceneManifest_Generation = YES;
				INFOPLIST_KEY_UIApplicationSupportsIndirectInputEvents = YES;
				INFOPLIST_KEY_UILaunchScreen_Generation = YES;
				INFOPLIST_KEY_UISupportedInterfaceOrientations_iPad = "UIInterfaceOrientationLandscapeLeft UIInterfaceOrientationLandscapeRight UIInterfaceOrientationPortrait UIInterfaceOrientationPortraitUpsideDown";
				IPHONEOS_DEPLOYMENT_TARGET = 16.0;
				LD_RUNPATH_SEARCH_PATHS = (
					"$(inherited)",
					"@executable_path/Frameworks",
				);
				MARKETING_VERSION = 1.0;
				PRODUCT_BUNDLE_IDENTIFIER = com.voidgxd.PillCase;
				PRODUCT_NAME = "$(TARGET_NAME)";
				SUPPORTED_PLATFORMS = "iphoneos iphonesimulator";
				SUPPORTS_MACCATALYST = NO;
				SUPPORTS_MAC_DESIGNED_FOR_IPHONE_IPAD = NO;
				SWIFT_EMIT_LOC_STRINGS = YES;
				SWIFT_VERSION = 5.0;
				TARGETED_DEVICE_FAMILY = 1;
			};
			name = Release;
		};
/* End XCBuildConfiguration section */

/* Begin XCConfigurationList section */
		AB6ED2932968BC0600910504 /* Build configuration list for PBXProject "PillCase" */ = {
			isa = XCConfigurationList;
			buildConfigurations = (
				AB6ED2A42968BC0700910504 /* Debug */,
				AB6ED2A52968BC0700910504 /* Release */,
			);
			defaultConfigurationIsVisible = 0;
			defaultConfigurationName = Release;
		};
		AB6ED2A62968BC0700910504 /* Build configuration list for PBXNativeTarget "PillCase" */ = {
			isa = XCConfigurationList;
			buildConfigurations = (
				AB6ED2A72968BC0700910504 /* Debug */,
				AB6ED2A82968BC0700910504 /* Release */,
			);
			defaultConfigurationIsVisible = 0;
			defaultConfigurationName = Release;
		};
/* End XCConfigurationList section */
	};
	rootObject = AB6ED2902968BC0600910504 /* Project object */;
}
